
Microsoft Visual Studio Solution File, Format Version 12.00
# Visual Studio Version 17
VisualStudioVersion = 17.1.32328.378
MinimumVisualStudioVersion = 10.0.40219.1
Project("{FAE04EC0-301F-11D3-BF4B-00C04F79EFBC}") = "Thong_Tin_Khach_hang", "Thong_Tin_Khach_hang\Thong_Tin_Khach_hang.csproj", "{FF1A222A-4BB5-4A58-82EB-F57AD85FC4EB}"
EndProject
Global
	GlobalSection(SolutionConfigurationPlatforms) = preSolution
		Debug|Any CPU = Debug|Any CPU
		Release|Any CPU = Release|Any CPU
	EndGlobalSection
	GlobalSection(ProjectConfigurationPlatforms) = postSolution
		{FF1A222A-4BB5-4A58-82EB-F57AD85FC4EB}.Debug|Any CPU.ActiveCfg = Debug|Any CPU
		{FF1A222A-4BB5-4A58-82EB-F57AD85FC4EB}.Debug|Any CPU.Build.0 = Debug|Any CPU
		{FF1A222A-4BB5-4A58-82EB-F57AD85FC4EB}.Release|Any CPU.ActiveCfg = Release|Any CPU
		{FF1A222A-4BB5-4A58-82EB-F57AD85FC4EB}.Release|Any CPU.Build.0 = Release|Any CPU
	EndGlobalSection
	GlobalSection(SolutionProperties) = preSolution
		HideSolutionNode = FALSE
	EndGlobalSection
	GlobalSection(ExtensibilityGlobals) = postSolution
		SolutionGuid = {BF5B4E7A-9382-4EC8-8EA7-043D4F1CE719}
	EndGlobalSection
EndGlobal
